// !$*UTF8*$!
{
	archiveVersion = 1;
	classes = {
	};
	objectVersion = 46;
	objects = {

/* Begin PBXBuildFile section */
		75B65D0B1E4E341C0088EF6A /* PlotViewController.swift in Sources */ = {isa = PBXBuildFile; fileRef = 75B65D0A1E4E341C0088EF6A /* PlotViewController.swift */; };
		75B65D0D1E4E343D0088EF6A /* PlotView.swift in Sources */ = {isa = PBXBuildFile; fileRef = 75B65D0C1E4E343D0088EF6A /* PlotView.swift */; };
		75B65D0F1E4E381B0088EF6A /* AxesDrawer.swift in Sources */ = {isa = PBXBuildFile; fileRef = 75B65D0E1E4E381B0088EF6A /* AxesDrawer.swift */; };
		75B65D111E4F61460088EF6A /* Constants.swift in Sources */ = {isa = PBXBuildFile; fileRef = 75B65D101E4F61460088EF6A /* Constants.swift */; };
		75E76D541E465B940062791D /* AppDelegate.swift in Sources */ = {isa = PBXBuildFile; fileRef = 75E76D531E465B940062791D /* AppDelegate.swift */; };
		75E76D561E465B940062791D /* CalculatorViewController.swift in Sources */ = {isa = PBXBuildFile; fileRef = 75E76D551E465B940062791D /* CalculatorViewController.swift */; };
		75E76D591E465B940062791D /* Main.storyboard in Resources */ = {isa = PBXBuildFile; fileRef = 75E76D571E465B940062791D /* Main.storyboard */; };
		75E76D5B1E465B940062791D /* Assets.xcassets in Resources */ = {isa = PBXBuildFile; fileRef = 75E76D5A1E465B940062791D /* Assets.xcassets */; };
		75E76D5E1E465B940062791D /* LaunchScreen.storyboard in Resources */ = {isa = PBXBuildFile; fileRef = 75E76D5C1E465B940062791D /* LaunchScreen.storyboard */; };
		75E76D671E4759F10062791D /* CalculatorService.swift in Sources */ = {isa = PBXBuildFile; fileRef = 75E76D661E4759F10062791D /* CalculatorService.swift */; };
/* End PBXBuildFile section */

/* Begin PBXFileReference section */
		75B65D0A1E4E341C0088EF6A /* PlotViewController.swift */ = {isa = PBXFileReference; fileEncoding = 4; lastKnownFileType = sourcecode.swift; path = PlotViewController.swift; sourceTree = "<group>"; };
		75B65D0C1E4E343D0088EF6A /* PlotView.swift */ = {isa = PBXFileReference; fileEncoding = 4; lastKnownFileType = sourcecode.swift; path = PlotView.swift; sourceTree = "<group>"; };
		75B65D0E1E4E381B0088EF6A /* AxesDrawer.swift */ = {isa = PBXFileReference; fileEncoding = 4; lastKnownFileType = sourcecode.swift; path = AxesDrawer.swift; sourceTree = "<group>"; };
		75B65D101E4F61460088EF6A /* Constants.swift */ = {isa = PBXFileReference; fileEncoding = 4; lastKnownFileType = sourcecode.swift; path = Constants.swift; sourceTree = "<group>"; };
		75E76D501E465B940062791D /* Calculator-App.app */ = {isa = PBXFileReference; explicitFileType = wrapper.application; includeInIndex = 0; path = "Calculator-App.app"; sourceTree = BUILT_PRODUCTS_DIR; };
		75E76D531E465B940062791D /* AppDelegate.swift */ = {isa = PBXFileReference; lastKnownFileType = sourcecode.swift; path = AppDelegate.swift; sourceTree = "<group>"; };
		75E76D551E465B940062791D /* CalculatorViewController.swift */ = {isa = PBXFileReference; lastKnownFileType = sourcecode.swift; path = CalculatorViewController.swift; sourceTree = "<group>"; };
		75E76D581E465B940062791D /* Base */ = {isa = PBXFileReference; lastKnownFileType = file.storyboard; name = Base; path = Base.lproj/Main.storyboard; sourceTree = "<group>"; };
		75E76D5A1E465B940062791D /* Assets.xcassets */ = {isa = PBXFileReference; lastKnownFileType = folder.assetcatalog; path = Assets.xcassets; sourceTree = "<group>"; };
		75E76D5D1E465B940062791D /* Base */ = {isa = PBXFileReference; lastKnownFileType = file.storyboard; name = Base; path = Base.lproj/LaunchScreen.storyboard; sourceTree = "<group>"; };
		75E76D5F1E465B940062791D /* Info.plist */ = {isa = PBXFileReference; lastKnownFileType = text.plist.xml; path = Info.plist; sourceTree = "<group>"; };
		75E76D661E4759F10062791D /* CalculatorService.swift */ = {isa = PBXFileReference; fileEncoding = 4; lastKnownFileType = sourcecode.swift; path = CalculatorService.swift; sourceTree = "<group>"; };
/* End PBXFileReference section */

/* Begin PBXFrameworksBuildPhase section */
		75E76D4D1E465B940062791D /* Frameworks */ = {
			isa = PBXFrameworksBuildPhase;
			buildActionMask = 2147483647;
			files = (
			);
			runOnlyForDeploymentPostprocessing = 0;
		};
/* End PBXFrameworksBuildPhase section */

/* Begin PBXGroup section */
		75E76D471E465B940062791D = {
			isa = PBXGroup;
			children = (
				75E76D521E465B940062791D /* Calculator-App */,
				75E76D511E465B940062791D /* Products */,
			);
			sourceTree = "<group>";
		};
		75E76D511E465B940062791D /* Products */ = {
			isa = PBXGroup;
			children = (
				75E76D501E465B940062791D /* Calculator-App.app */,
			);
			name = Products;
			sourceTree = "<group>";
		};
		75E76D521E465B940062791D /* Calculator-App */ = {
			isa = PBXGroup;
			children = (
				75E76D651E465BD40062791D /* Supporting Files */,
				75E76D551E465B940062791D /* CalculatorViewController.swift */,
				75E76D571E465B940062791D /* Main.storyboard */,
				75E76D661E4759F10062791D /* CalculatorService.swift */,
				75B65D0A1E4E341C0088EF6A /* PlotViewController.swift */,
				75B65D0C1E4E343D0088EF6A /* PlotView.swift */,
				75B65D0E1E4E381B0088EF6A /* AxesDrawer.swift */,
				75B65D101E4F61460088EF6A /* Constants.swift */,
			);
			path = "Calculator-App";
			sourceTree = "<group>";
		};
		75E76D651E465BD40062791D /* Supporting Files */ = {
			isa = PBXGroup;
			children = (
				75E76D531E465B940062791D /* AppDelegate.swift */,
				75E76D5A1E465B940062791D /* Assets.xcassets */,
				75E76D5C1E465B940062791D /* LaunchScreen.storyboard */,
				75E76D5F1E465B940062791D /* Info.plist */,
			);
			name = "Supporting Files";
			sourceTree = "<group>";
		};
/* End PBXGroup section */

/* Begin PBXNativeTarget section */
		75E76D4F1E465B940062791D /* Calculator-App */ = {
			isa = PBXNativeTarget;
			buildConfigurationList = 75E76D621E465B940062791D /* Build configuration list for PBXNativeTarget "Calculator-App" */;
			buildPhases = (
				75E76D4C1E465B940062791D /* Sources */,
				75E76D4D1E465B940062791D /* Frameworks */,
				75E76D4E1E465B940062791D /* Resources */,
			);
			buildRules = (
			);
			dependencies = (
			);
			name = "Calculator-App";
			productName = "Calculator-App";
			productReference = 75E76D501E465B940062791D /* Calculator-App.app */;
			productType = "com.apple.product-type.application";
		};
/* End PBXNativeTarget section */

/* Begin PBXProject section */
		75E76D481E465B940062791D /* Project object */ = {
			isa = PBXProject;
			attributes = {
				LastSwiftUpdateCheck = 0820;
				LastUpgradeCheck = 0820;
				ORGANIZATIONNAME = "Zsolt Szabo";
				TargetAttributes = {
					75E76D4F1E465B940062791D = {
						CreatedOnToolsVersion = 8.2.1;
						ProvisioningStyle = Automatic;
					};
				};
			};
			buildConfigurationList = 75E76D4B1E465B940062791D /* Build configuration list for PBXProject "Calculator-App" */;
			compatibilityVersion = "Xcode 3.2";
			developmentRegion = English;
			hasScannedForEncodings = 0;
			knownRegions = (
				en,
				Base,
			);
			mainGroup = 75E76D471E465B940062791D;
			productRefGroup = 75E76D511E465B940062791D /* Products */;
			projectDirPath = "";
			projectRoot = "";
			targets = (
				75E76D4F1E465B940062791D /* Calculator-App */,
			);
		};
/* End PBXProject section */

/* Begin PBXResourcesBuildPhase section */
		75E76D4E1E465B940062791D /* Resources */ = {
			isa = PBXResourcesBuildPhase;
			buildActionMask = 2147483647;
			files = (
				75E76D5E1E465B940062791D /* LaunchScreen.storyboard in Resources */,
				75E76D5B1E465B940062791D /* Assets.xcassets in Resources */,
				75E76D591E465B940062791D /* Main.storyboard in Resources */,
			);
			runOnlyForDeploymentPostprocessing = 0;
		};
/* End PBXResourcesBuildPhase section */

/* Begin PBXSourcesBuildPhase section */
		75E76D4C1E465B940062791D /* Sources */ = {
			isa = PBXSourcesBuildPhase;
			buildActionMask = 2147483647;
			files = (
				75E76D561E465B940062791D /* CalculatorViewController.swift in Sources */,
				75B65D0D1E4E343D0088EF6A /* PlotView.swift in Sources */,
				75B65D0B1E4E341C0088EF6A /* PlotViewController.swift in Sources */,
				75E76D671E4759F10062791D /* CalculatorService.swift in Sources */,
				75B65D111E4F61460088EF6A /* Constants.swift in Sources */,
				75E76D541E465B940062791D /* AppDelegate.swift in Sources */,
				75B65D0F1E4E381B0088EF6A /* AxesDrawer.swift in Sources */,
			);
			runOnlyForDeploymentPostprocessing = 0;
		};
/* End PBXSourcesBuildPhase section */

/* Begin PBXVariantGroup section */
		75E76D571E465B940062791D /* Main.storyboard */ = {
			isa = PBXVariantGroup;
			children = (
				75E76D581E465B940062791D /* Base */,
			);
			name = Main.storyboard;
			sourceTree = "<group>";
		};
		75E76D5C1E465B940062791D /* LaunchScreen.storyboard */ = {
			isa = PBXVariantGroup;
			children = (
				75E76D5D1E465B940062791D /* Base */,
			);
			name = LaunchScreen.storyboard;
			sourceTree = "<group>";
		};
/* End PBXVariantGroup section */

/* Begin XCBuildConfiguration section */
		75E76D601E465B940062791D /* Debug */ = {
			isa = XCBuildConfiguration;
			buildSettings = {
				ALWAYS_SEARCH_USER_PATHS = NO;
				CLANG_ANALYZER_NONNULL = YES;
				CLANG_CXX_LANGUAGE_STANDARD = "gnu++0x";
				CLANG_CXX_LIBRARY = "libc++";
				CLANG_ENABLE_MODULES = YES;
				CLANG_ENABLE_OBJC_ARC = YES;
				CLANG_WARN_BOOL_CONVERSION = YES;
				CLANG_WARN_CONSTANT_CONVERSION = YES;
				CLANG_WARN_DIRECT_OBJC_ISA_USAGE = YES_ERROR;
				CLANG_WARN_DOCUMENTATION_COMMENTS = YES;
				CLANG_WARN_EMPTY_BODY = YES;
				CLANG_WARN_ENUM_CONVERSION = YES;
				CLANG_WARN_INFINITE_RECURSION = YES;
				CLANG_WARN_INT_CONVERSION = YES;
				CLANG_WARN_OBJC_ROOT_CLASS = YES_ERROR;
				CLANG_WARN_SUSPICIOUS_MOVE = YES;
				CLANG_WARN_UNREACHABLE_CODE = YES;
				CLANG_WARN__DUPLICATE_METHOD_MATCH = YES;
				"CODE_SIGN_IDENTITY[sdk=iphoneos*]" = "iPhone Developer";
				COPY_PHASE_STRIP = NO;
				DEBUG_INFORMATION_FORMAT = dwarf;
				ENABLE_STRICT_OBJC_MSGSEND = YES;
				ENABLE_TESTABILITY = YES;
				GCC_C_LANGUAGE_STANDARD = gnu99;
				GCC_DYNAMIC_NO_PIC = NO;
				GCC_NO_COMMON_BLOCKS = YES;
				GCC_OPTIMIZATION_LEVEL = 0;
				GCC_PREPROCESSOR_DEFINITIONS = (
					"DEBUG=1",
					"$(inherited)",
				);
				GCC_WARN_64_TO_32_BIT_CONVERSION = YES;
				GCC_WARN_ABOUT_RETURN_TYPE = YES_ERROR;
				GCC_WARN_UNDECLARED_SELECTOR = YES;
				GCC_WARN_UNINITIALIZED_AUTOS = YES_AGGRESSIVE;
				GCC_WARN_UNUSED_FUNCTION = YES;
				GCC_WARN_UNUSED_VARIABLE = YES;
				IPHONEOS_DEPLOYMENT_TARGET = 10.2;
				MTL_ENABLE_DEBUG_INFO = YES;
				ONLY_ACTIVE_ARCH = YES;
				SDKROOT = iphoneos;
				SWIFT_ACTIVE_COMPILATION_CONDITIONS = DEBUG;
				SWIFT_OPTIMIZATION_LEVEL = "-Onone";
				TARGETED_DEVICE_FAMILY = "1,2";
			};
			name = Debug;
		};
		75E76D611E465B940062791D /* Release */ = {
			isa = XCBuildConfiguration;
			buildSettings = {
				ALWAYS_SEARCH_USER_PATHS = NO;
				CLANG_ANALYZER_NONNULL = YES;
				CLANG_CXX_LANGUAGE_STANDARD = "gnu++0x";
				CLANG_CXX_LIBRARY = "libc++";
				CLANG_ENABLE_MODULES = YES;
				CLANG_ENABLE_OBJC_ARC = YES;
				CLANG_WARN_BOOL_CONVERSION = YES;
				CLANG_WARN_CONSTANT_CONVERSION = YES;
				CLANG_WARN_DIRECT_OBJC_ISA_USAGE = YES_ERROR;
				CLANG_WARN_DOCUMENTATION_COMMENTS = YES;
				CLANG_WARN_EMPTY_BODY = YES;
				CLANG_WARN_ENUM_CONVERSION = YES;
				CLANG_WARN_INFINITE_RECURSION = YES;
				CLANG_WARN_INT_CONVERSION = YES;
				CLANG_WARN_OBJC_ROOT_CLASS = YES_ERROR;
				CLANG_WARN_SUSPICIOUS_MOVE = YES;
				CLANG_WARN_UNREACHABLE_CODE = YES;
				CLANG_WARN__DUPLICATE_METHOD_MATCH = YES;
				"CODE_SIGN_IDENTITY[sdk=iphoneos*]" = "iPhone Developer";
				COPY_PHASE_STRIP = NO;
				DEBUG_INFORMATION_FORMAT = "dwarf-with-dsym";
				ENABLE_NS_ASSERTIONS = NO;
				ENABLE_STRICT_OBJC_MSGSEND = YES;
				GCC_C_LANGUAGE_STANDARD = gnu99;
				GCC_NO_COMMON_BLOCKS = YES;
				GCC_WARN_64_TO_32_BIT_CONVERSION = YES;
				GCC_WARN_ABOUT_RETURN_TYPE = YES_ERROR;
				GCC_WARN_UNDECLARED_SELECTOR = YES;
				GCC_WARN_UNINITIALIZED_AUTOS = YES_AGGRESSIVE;
				GCC_WARN_UNUSED_FUNCTION = YES;
				GCC_WARN_UNUSED_VARIABLE = YES;
				IPHONEOS_DEPLOYMENT_TARGET = 10.2;
				MTL_ENABLE_DEBUG_INFO = NO;
				SDKROOT = iphoneos;
				SWIFT_OPTIMIZATION_LEVEL = "-Owholemodule";
				TARGETED_DEVICE_FAMILY = "1,2";
				VALIDATE_PRODUCT = YES;
			};
			name = Release;
		};
		75E76D631E465B940062791D /* Debug */ = {
			isa = XCBuildConfiguration;
			buildSettings = {
				ASSETCATALOG_COMPILER_APPICON_NAME = AppIcon;
				INFOPLIST_FILE = "Calculator-App/Info.plist";
				LD_RUNPATH_SEARCH_PATHS = "$(inherited) @executable_path/Frameworks";
				PRODUCT_BUNDLE_IDENTIFIER = "com.alexovits.Calculator-App";
				PRODUCT_NAME = "$(TARGET_NAME)";
				SWIFT_VERSION = 3.0;
			};
			name = Debug;
		};
		75E76D641E465B940062791D /* Release */ = {
			isa = XCBuildConfiguration;
			buildSettings = {
				ASSETCATALOG_COMPILER_APPICON_NAME = AppIcon;
				INFOPLIST_FILE = "Calculator-App/Info.plist";
				LD_RUNPATH_SEARCH_PATHS = "$(inherited) @executable_path/Frameworks";
				PRODUCT_BUNDLE_IDENTIFIER = "com.alexovits.Calculator-App";
				PRODUCT_NAME = "$(TARGET_NAME)";
				SWIFT_VERSION = 3.0;
			};
			name = Release;
		};
/* End XCBuildConfiguration section */

/* Begin XCConfigurationList section */
		75E76D4B1E465B940062791D /* Build configuration list for PBXProject "Calculator-App" */ = {
			isa = XCConfigurationList;
			buildConfigurations = (
				75E76D601E465B940062791D /* Debug */,
				75E76D611E465B940062791D /* Release */,
			);
			defaultConfigurationIsVisible = 0;
			defaultConfigurationName = Release;
		};
		75E76D621E465B940062791D /* Build configuration list for PBXNativeTarget "Calculator-App" */ = {
			isa = XCConfigurationList;
			buildConfigurations = (
				75E76D631E465B940062791D /* Debug */,
				75E76D641E465B940062791D /* Release */,
			);
			defaultConfigurationIsVisible = 0;
			defaultConfigurationName = Release;
		};
/* End XCConfigurationList section */
	};
	rootObject = 75E76D481E465B940062791D /* Project object */;
}
